{
    "_meta": {
        "hash": {
            "sha256": "91970b2bcc1ea88aac66978739e81998e3f8865914a9939a824c3c3db7beafef"
        },
        "pipfile-spec": 6,
        "requires": {
            "python_version": "3.8"
        },
        "sources": [
            {
                "name": "pypi",
                "url": "https://pypi.org/simple",
                "verify_ssl": true
            }
        ]
    },
    "default": {
        "llvmlite": {
            "hashes": [
                "sha256:0251e8e86eaab6affc7699e8749d39f871767597ebf82498e6570514a6005d2a",
                "sha256:0660d7dfd3dc034b01b14f11bf9e5308f91422daaf8566e07912cb18e2a93218",
                "sha256:2743ae8591e91528e7de3c05b8b296dc1e2b29eff146acdd48a5b31267f2f33d",
                "sha256:36e1fb6a41d3d7ba44ce554399a3c6164c0e6a58fea7b6c3d45e40223b86ff44",
                "sha256:3fd541bfd82d61bb1e25ec23867e9f98204e639ed74a52dbcdc8d3cd4ec008da",
                "sha256:4a81829777dd1791a5ce8cefc795ac31ec1aa1ada9026ee4af3cef60f593c3d7",
                "sha256:734fbfdc96d7874753e4cf0b919a4d44f3310be44e273fb6f9cd0305b4ce2a98",
                "sha256:91ad6174ebe6d6b949aabb750e31d72cd8d80f1d87f7fefcb73d535486ed4da3",
                "sha256:96c6da463c1b196842a099500e6ae3517393af22ea5d1a4e44e779357f533283",
                "sha256:a186a3a033303ff1e1af222736a9333c014dc5aa17d25bc2bc25e1befd3a2cb1",
                "sha256:a6b05175cecdc9f1b1b3b29ba05b804539adce12a9e1978f700c4f4290dfd3c6",
                "sha256:b918cb4a55228be8b9e2cdb71a6673bb0c90edb1985bb2ff470941af178e7a88",
                "sha256:ba0fb7e9d760f8817df48d3396fd2f6c6a7cadf8a769e3784d88006038baf304",
                "sha256:bab4f8e70bf4e937b1271e25270e4c721ffd8a091f233042af885dd16a157355",
                "sha256:c747fac808e093510aa98c720ad80276b34b06293e8d4fc3abf694832ecc26ad",
                "sha256:cae6f37bed575af8d0db6378a83e4294bffe002d2b88e56e7fa267bd1e2612e3",
                "sha256:cc2f00547223a7aa5747bc94dd37b8e7b5bf2cc7cb5ee1edd70ceb73d0eefd14",
                "sha256:dc6b11e625132999a90585d90082885a5396cd487f37a55d19d60a9b1251456a",
                "sha256:e4980fc2e107a2ece7841f513fa60415632c6e565380fbac1f29493902daf8b4",
                "sha256:e938809054d97094c5c36989e99e17228d3b24d1c7fa87c8b546b065685925f8",
                "sha256:f2f9a7a5f6d059eb781c724e40d630532c37631872e1c5af40a0cf23cc8b1722",
                "sha256:f3f0c06affa3e55f64d3d9b85530afdad16b42127d005190cdafebb63a91122b",
                "sha256:f68a0056009727cfce3da612c57f1234659a58b313fd3443c358643709830c84",
                "sha256:f7f3f11b3549e6d4efddf66f8bf845b6cb76953fa5f03e91a405f8446ff4db31",
                "sha256:fe45acbd5a8ef6503347d249bb2033eed5b91aacfadc5c24c7228de4d40f8193"
            ],
            "markers": "python_version < '3.11' and python_version >= '3.7'",
            "version": "==0.38.0rc1"
        },
        "numba": {
            "hashes": [
                "sha256:0e8008288f1d3311b32ac4fe6333375e806688ed637a4f6788b93a680a5c8d56",
                "sha256:1743877337c94fb2a1b37f642eeb1cb7fcbfd9a329ed790d31f35c9b9ed36179",
                "sha256:4a9d518dd3872fb3e86e512682a76e12126b1b1f331822671225c8b2c1860920",
                "sha256:4c89c5629d2ee491fc401214a6b8a5bb89bc3b5d94f50f827d745dc59e13c7b0",
                "sha256:56f07e0321956d074c669864a936680a67ee07d3b77c9c988b1d501c9a28d18c",
                "sha256:5e1c0e5bcdde7dab37f6458ad57941067443bd69f6dfffe7009e4974adb7d220",
                "sha256:61df2e7bb8e2671eeafd2c1db314d2d3c7c0103e3d9298f710fc856c61c2da30",
                "sha256:68b81696ec63cab370ba86c31d315cf614d732156f484cd8adbedab6cc64956e",
                "sha256:68c00d578d5a4b832c1b9755a0e438e65f8bd277600505eeb472063814e713b5",
                "sha256:6b38c2e53f8eb22dfab669527ddd7989a731631b0609e157a76320f5813ed75f",
                "sha256:819663a7fb10578262a813e9dfe108795dc7fd17da1671d3ba8504f8f8440ef6",
                "sha256:8c4dde6d909883f7b3a9c6ab6041d9c4a270db01b3c54e2e48c4cc8ef2879f01",
                "sha256:946e70ccd744a0a205a1e94467345b965d4ccff679cd531abcf4524e4539e675",
                "sha256:94f3b60515a26ae709e39b23a83f2bf7c8f728ce324b97c415f55a7f172d7c44",
                "sha256:95b583d682a08f02ff2b2be1def869d1fa6a6a702eb8f4043f623655bd0e1dfe",
                "sha256:b15d70feedb74e47af81b0dfe39e91b175220074b48f977fc265c50ec5cb5d40",
                "sha256:bb30b908d500c1acdcfc694f03e806c52720037b26426ce16b674421c7fe2006",
                "sha256:c0d59e8706c79002def935f7749da61d93a06ef90065522c1550006d3955ddc6",
                "sha256:c3ced23be308c40382c32996549b2de7a0c4ade42a190bb7e308108fb19cfa7c",
                "sha256:c561b98c638ac61bc4bdd2ca806b56c5d7a00a64db1e3c9aaa7c2b6b95f89915",
                "sha256:cded9b0814cb7572115e914b83ceb99eac550eff956b36620e686adac0fc91be",
                "sha256:f0b6369f7adfbd42c9fe83c7fde737bb15549327d6ab90c7bf5f8755ac4f4abb",
                "sha256:fce0a573b689f55a16e31ac6f0b16f52eb4090866550d3e20a26087bd4a3267a"
            ],
            "index": "pypi",
            "version": "==0.55.0rc1"
        },
        "numpy": {
            "hashes": [
                "sha256:00c9fa73a6989895b8815d98300a20ac993c49ac36c8277e8ffeaa3631c0dbbb",
                "sha256:025b497014bc33fc23897859350f284323f32a2fff7654697f5a5fc2a19e9939",
                "sha256:08de8472d9f7571f9d51b27b75e827f5296295fa78817032e84464be8bb905bc",
                "sha256:1964db2d4a00348b7a60ee9d013c8cb0c566644a589eaa80995126eac3b99ced",
                "sha256:2a9add27d7fc0fdb572abc3b2486eb3b1395da71e0254c5552b2aad2a18b5441",
                "sha256:2d8adfca843bc46ac199a4645233f13abf2011a0b2f4affc5c37cd552626f27b",
                "sha256:301e408a052fdcda5cdcf03021ebafc3c6ea093021bf9d1aa47c54d48bdad166",
                "sha256:311283acf880cfcc20369201bd75da907909afc4666966c7895cbed6f9d2c640",
                "sha256:341dddcfe3b7b6427a28a27baa59af5ad51baa59bfec3264f1ab287aa3b30b13",
                "sha256:3a5098df115340fb17fc93867317a947e1dcd978c3888c5ddb118366095851f8",
                "sha256:3c978544be9e04ed12016dd295a74283773149b48f507d69b36f91aa90a643e5",
                "sha256:3d893b0871322eaa2f8c7072cdb552d8e2b27645b7875a70833c31e9274d4611",
                "sha256:4fe6a006557b87b352c04596a6e3f12a57d6e5f401d804947bd3188e6b0e0e76",
                "sha256:507c05c7a37b3683eb08a3ff993bd1ee1e6c752f77c2f275260533b265ecdb6c",
                "sha256:58ca1d7c8aef6e996112d0ce873ac9dfa1eaf4a1196b4ff7ff73880a09923ba7",
                "sha256:61bada43d494515d5b122f4532af226fdb5ee08fe5b5918b111279843dc6836a",
                "sha256:69a5a8d71c308d7ef33ef72371c2388a90e3495dbb7993430e674006f94797d5",
                "sha256:6a5928bc6241264dce5ed509e66f33676fc97f464e7a919edc672fb5532221ee",
                "sha256:7b9d6b14fc9a4864b08d1ba57d732b248f0e482c7b2ff55c313137e3ed4d8449",
                "sha256:a7c4b701ca418cd39e28ec3b496e6388fe06de83f5f0cb74794fa31cfa384c02",
                "sha256:a7e8f6216f180f3fd4efb73de5d1eaefb5f5a1ee5b645c67333033e39440e63a",
                "sha256:b545ebadaa2b878c8630e5bcdb97fc4096e779f335fc0f943547c1c91540c815",
                "sha256:c293d3c0321996cd8ffe84215ffe5d269fd9d1d12c6f4ffe2b597a7c30d3e593",
                "sha256:c5562bcc1a9b61960fc8950ade44d00e3de28f891af0acc96307c73613d18f6e",
                "sha256:ca9c23848292c6fe0a19d212790e62f398fd9609aaa838859be8459bfbe558aa",
                "sha256:cc1b30205d138d1005adb52087ff45708febbef0e420386f58664f984ef56954",
                "sha256:dbce7adeb66b895c6aaa1fad796aaefc299ced597f6fbd9ceddb0dd735245354",
                "sha256:dc4b2fb01f1b4ddbe2453468ea0719f4dbb1f5caa712c8b21bb3dd1480cd30d9",
                "sha256:eed2afaa97ec33b4411995be12f8bdb95c87984eaa28d76cf628970c8a2d689a",
                "sha256:fc7a7d7b0ed72589fd8b8486b9b42a564f10b8762be8bd4d9df94b807af4a089"
            ],
            "index": "pypi",
            "version": "==1.21.5"
        },
        "pillow": {
            "hashes": [
                "sha256:066f3999cb3b070a95c3652712cffa1a748cd02d60ad7b4e485c3748a04d9d76",
                "sha256:0a0956fdc5defc34462bb1c765ee88d933239f9a94bc37d132004775241a7585",
                "sha256:0b052a619a8bfcf26bd8b3f48f45283f9e977890263e4571f2393ed8898d331b",
                "sha256:1394a6ad5abc838c5cd8a92c5a07535648cdf6d09e8e2d6df916dfa9ea86ead8",
                "sha256:1bc723b434fbc4ab50bb68e11e93ce5fb69866ad621e3c2c9bdb0cd70e345f55",
                "sha256:244cf3b97802c34c41905d22810846802a3329ddcb93ccc432870243211c79fc",
                "sha256:25a49dc2e2f74e65efaa32b153527fc5ac98508d502fa46e74fa4fd678ed6645",
                "sha256:2e4440b8f00f504ee4b53fe30f4e381aae30b0568193be305256b1462216feff",
                "sha256:3862b7256046fcd950618ed22d1d60b842e3a40a48236a5498746f21189afbbc",
                "sha256:3eb1ce5f65908556c2d8685a8f0a6e989d887ec4057326f6c22b24e8a172c66b",
                "sha256:3f97cfb1e5a392d75dd8b9fd274d205404729923840ca94ca45a0af57e13dbe6",
                "sha256:493cb4e415f44cd601fcec11c99836f707bb714ab03f5ed46ac25713baf0ff20",
                "sha256:4acc0985ddf39d1bc969a9220b51d94ed51695d455c228d8ac29fcdb25810e6e",
                "sha256:5503c86916d27c2e101b7f71c2ae2cddba01a2cf55b8395b0255fd33fa4d1f1a",
                "sha256:5b7bb9de00197fb4261825c15551adf7605cf14a80badf1761d61e59da347779",
                "sha256:5e9ac5f66616b87d4da618a20ab0a38324dbe88d8a39b55be8964eb520021e02",
                "sha256:620582db2a85b2df5f8a82ddeb52116560d7e5e6b055095f04ad828d1b0baa39",
                "sha256:62cc1afda735a8d109007164714e73771b499768b9bb5afcbbee9d0ff374b43f",
                "sha256:70ad9e5c6cb9b8487280a02c0ad8a51581dcbbe8484ce058477692a27c151c0a",
                "sha256:72b9e656e340447f827885b8d7a15fc8c4e68d410dc2297ef6787eec0f0ea409",
                "sha256:72cbcfd54df6caf85cc35264c77ede902452d6df41166010262374155947460c",
                "sha256:792e5c12376594bfcb986ebf3855aa4b7c225754e9a9521298e460e92fb4a488",
                "sha256:7b7017b61bbcdd7f6363aeceb881e23c46583739cb69a3ab39cb384f6ec82e5b",
                "sha256:81f8d5c81e483a9442d72d182e1fb6dcb9723f289a57e8030811bac9ea3fef8d",
                "sha256:82aafa8d5eb68c8463b6e9baeb4f19043bb31fefc03eb7b216b51e6a9981ae09",
                "sha256:84c471a734240653a0ec91dec0996696eea227eafe72a33bd06c92697728046b",
                "sha256:8c803ac3c28bbc53763e6825746f05cc407b20e4a69d0122e526a582e3b5e153",
                "sha256:93ce9e955cc95959df98505e4608ad98281fff037350d8c2671c9aa86bcf10a9",
                "sha256:9a3e5ddc44c14042f0844b8cf7d2cd455f6cc80fd7f5eefbe657292cf601d9ad",
                "sha256:a4901622493f88b1a29bd30ec1a2f683782e57c3c16a2dbc7f2595ba01f639df",
                "sha256:a5a4532a12314149d8b4e4ad8ff09dde7427731fcfa5917ff16d0291f13609df",
                "sha256:b8831cb7332eda5dc89b21a7bce7ef6ad305548820595033a4b03cf3091235ed",
                "sha256:b8e2f83c56e141920c39464b852de3719dfbfb6e3c99a2d8da0edf4fb33176ed",
                "sha256:c70e94281588ef053ae8998039610dbd71bc509e4acbc77ab59d7d2937b10698",
                "sha256:c8a17b5d948f4ceeceb66384727dde11b240736fddeda54ca740b9b8b1556b29",
                "sha256:d82cdb63100ef5eedb8391732375e6d05993b765f72cb34311fab92103314649",
                "sha256:d89363f02658e253dbd171f7c3716a5d340a24ee82d38aab9183f7fdf0cdca49",
                "sha256:d99ec152570e4196772e7a8e4ba5320d2d27bf22fdf11743dd882936ed64305b",
                "sha256:ddc4d832a0f0b4c52fff973a0d44b6c99839a9d016fe4e6a1cb8f3eea96479c2",
                "sha256:e3dacecfbeec9a33e932f00c6cd7996e62f53ad46fbe677577394aaa90ee419a",
                "sha256:eb9fc393f3c61f9054e1ed26e6fe912c7321af2f41ff49d3f83d05bacf22cc78"
            ],
            "index": "pypi",
            "version": "==8.4.0"
        },
        "setuptools": {
            "hashes": [
                "sha256:10d6eff7fc27ada30cc87e21abf324713b7169b97af1f81f8744d66260e91d10",
                "sha256:89e8cb2d5ade19e9885e56cd110f2f1e80697f7cffa048886c585fe559ebbe32"
            ],
            "markers": "python_version >= '3.7'",
            "version": "==60.1.1"
        }
    },
    "develop": {
        "black": {
            "hashes": [
                "sha256:77b80f693a569e2e527958459634f18df9b0ba2625ba4e0c2d5da5be42e6f2b3",
                "sha256:a615e69ae185e08fdd73e4715e260e2479c861b5740057fde6e8b4e3b7dd589f"
            ],
            "index": "pypi",
            "version": "==21.12b0"
        },
        "click": {
            "hashes": [
                "sha256:353f466495adaeb40b6b5f592f9f91cb22372351c84caeb068132442a4518ef3",
                "sha256:410e932b050f5eed773c4cda94de75971c89cdb3155a72a0831139a79e5ecb5b"
            ],
            "markers": "python_version >= '3.6'",
            "version": "==8.0.3"
        },
        "mypy-extensions": {
            "hashes": [
                "sha256:090fedd75945a69ae91ce1303b5824f428daf5a028d2f6ab8a299250a846f15d",
                "sha256:2d82818f5bb3e369420cb3c4060a7970edba416647068eb4c5343488a6c604a8"
            ],
            "version": "==0.4.3"
        },
        "pathspec": {
            "hashes": [
                "sha256:7d15c4ddb0b5c802d161efc417ec1a2558ea2653c2e8ad9c19098201dc1c993a",
                "sha256:e564499435a2673d586f6b2130bb5b95f04a3ba06f81b8f895b651a3c76aabb1"
            ],
            "version": "==0.9.0"
        },
        "platformdirs": {
            "hashes": [
                "sha256:1d7385c7db91728b83efd0ca99a5afb296cab9d0ed8313a45ed8ba17967ecfca",
                "sha256:440633ddfebcc36264232365d7840a970e75e1018d15b4327d11f91909045fda"
            ],
            "markers": "python_version >= '3.7'",
            "version": "==2.4.1"
        },
        "tomli": {
            "hashes": [
                "sha256:05b6166bff487dc068d322585c7ea4ef78deed501cc124060e0f238e89a9231f",
                "sha256:e3069e4be3ead9668e21cb9b074cd948f7b3113fd9c8bba083f48247aab8b11c"
            ],
            "markers": "python_version >= '3.6'",
            "version": "==1.2.3"
        },
        "typing-extensions": {
            "hashes": [
                "sha256:4ca091dea149f945ec56afb48dae714f21e8692ef22a395223bcd328961b6a0e",
                "sha256:7f001e5ac290a0c0401508864c7ec868be4e701886d5b573a9528ed3973d9d3b"
            ],
            "markers": "python_version >= '3.6'",
            "version": "==4.0.1"
        }
    }
}
